
Microsoft Visual Studio Solution File, Format Version 12.00
# Visual Studio 15
VisualStudioVersion = 15.0.28307.1259
MinimumVisualStudioVersion = 10.0.40219.1
Project("{FAE04EC0-301F-11D3-BF4B-00C04F79EFBC}") = "Source_MFC", "Source_MFC\Source_MFC.csproj", "{8D9EB929-6AF1-4063-A7C9-24F515333ACB}"
EndProject
Global
	GlobalSection(SolutionConfigurationPlatforms) = preSolution
		Debug|Any CPU = Debug|Any CPU
		Debug|x64 = Debug|x64
		Release|Any CPU = Release|Any CPU
		Release|x64 = Release|x64
	EndGlobalSection
	GlobalSection(ProjectConfigurationPlatforms) = postSolution
		{8D9EB929-6AF1-4063-A7C9-24F515333ACB}.Debug|Any CPU.ActiveCfg = Debug|Any CPU
		{8D9EB929-6AF1-4063-A7C9-24F515333ACB}.Debug|Any CPU.Build.0 = Debug|Any CPU
		{8D9EB929-6AF1-4063-A7C9-24F515333ACB}.Debug|x64.ActiveCfg = Debug|Any CPU
		{8D9EB929-6AF1-4063-A7C9-24F515333ACB}.Debug|x64.Build.0 = Debug|Any CPU
		{8D9EB929-6AF1-4063-A7C9-24F515333ACB}.Release|Any CPU.ActiveCfg = Release|Any CPU
		{8D9EB929-6AF1-4063-A7C9-24F515333ACB}.Release|Any CPU.Build.0 = Release|Any CPU
		{8D9EB929-6AF1-4063-A7C9-24F515333ACB}.Release|x64.ActiveCfg = Release|Any CPU
		{8D9EB929-6AF1-4063-A7C9-24F515333ACB}.Release|x64.Build.0 = Release|Any CPU
	EndGlobalSection
	GlobalSection(SolutionProperties) = preSolution
		HideSolutionNode = FALSE
	EndGlobalSection
	GlobalSection(ExtensibilityGlobals) = postSolution
		SolutionGuid = {84521238-9D44-4A6A-9B13-17E49C640AFA}
	EndGlobalSection
EndGlobal
